// !$*UTF8*$!
{
	archiveVersion = 1;
	classes = {
	};
	objectVersion = 56;
	objects = {

/* Begin PBXBuildFile section */
		2F7FC93E29B0B55C00CFCAB3 /* SwiftConcurrency2App.swift in Sources */ = {isa = PBXBuildFile; fileRef = 2F7FC93D29B0B55C00CFCAB3 /* SwiftConcurrency2App.swift */; };
		2F7FC94029B0B55C00CFCAB3 /* ContentView.swift in Sources */ = {isa = PBXBuildFile; fileRef = 2F7FC93F29B0B55C00CFCAB3 /* ContentView.swift */; };
		2F7FC94229B0B55D00CFCAB3 /* Assets.xcassets in Resources */ = {isa = PBXBuildFile; fileRef = 2F7FC94129B0B55D00CFCAB3 /* Assets.xcassets */; };
		2F7FC94529B0B55D00CFCAB3 /* Preview Assets.xcassets in Resources */ = {isa = PBXBuildFile; fileRef = 2F7FC94429B0B55D00CFCAB3 /* Preview Assets.xcassets */; };
		2F7FC95429B0B59200CFCAB3 /* TaskGroupView.swift in Sources */ = {isa = PBXBuildFile; fileRef = 2F7FC94C29B0B59200CFCAB3 /* TaskGroupView.swift */; };
		2F7FC95529B0B59200CFCAB3 /* TaskView.swift in Sources */ = {isa = PBXBuildFile; fileRef = 2F7FC94D29B0B59200CFCAB3 /* TaskView.swift */; };
		2F7FC95629B0B59200CFCAB3 /* AsyncLetView.swift in Sources */ = {isa = PBXBuildFile; fileRef = 2F7FC94E29B0B59200CFCAB3 /* AsyncLetView.swift */; };
		2F7FC95729B0B59200CFCAB3 /* DoTryCatchView.swift in Sources */ = {isa = PBXBuildFile; fileRef = 2F7FC94F29B0B59200CFCAB3 /* DoTryCatchView.swift */; };
		2F7FC95829B0B59200CFCAB3 /* AsyncAwaitViewReal.swift in Sources */ = {isa = PBXBuildFile; fileRef = 2F7FC95129B0B59200CFCAB3 /* AsyncAwaitViewReal.swift */; };
		2F7FC95929B0B59200CFCAB3 /* AsyncAwaitView.swift in Sources */ = {isa = PBXBuildFile; fileRef = 2F7FC95229B0B59200CFCAB3 /* AsyncAwaitView.swift */; };
		2F7FC95A29B0B59200CFCAB3 /* DownloadImageWithAsyncView.swift in Sources */ = {isa = PBXBuildFile; fileRef = 2F7FC95329B0B59200CFCAB3 /* DownloadImageWithAsyncView.swift */; };
		2F978CAF29C1D89F00E74A40 /* ActorsExampleView.swift in Sources */ = {isa = PBXBuildFile; fileRef = 2F978CAE29C1D89F00E74A40 /* ActorsExampleView.swift */; };
		2FAD1AE129B4F7CF00E5541B /* ContinuationsView.swift in Sources */ = {isa = PBXBuildFile; fileRef = 2FAD1AE029B4F7CF00E5541B /* ContinuationsView.swift */; };
		2FE082CC29B7775F00639F64 /* StructClassExampleView.swift in Sources */ = {isa = PBXBuildFile; fileRef = 2FE082CB29B7775F00639F64 /* StructClassExampleView.swift */; };
/* End PBXBuildFile section */

/* Begin PBXFileReference section */
		2F7FC93A29B0B55C00CFCAB3 /* SwiftConcurrency2.app */ = {isa = PBXFileReference; explicitFileType = wrapper.application; includeInIndex = 0; path = SwiftConcurrency2.app; sourceTree = BUILT_PRODUCTS_DIR; };
		2F7FC93D29B0B55C00CFCAB3 /* SwiftConcurrency2App.swift */ = {isa = PBXFileReference; lastKnownFileType = sourcecode.swift; path = SwiftConcurrency2App.swift; sourceTree = "<group>"; };
		2F7FC93F29B0B55C00CFCAB3 /* ContentView.swift */ = {isa = PBXFileReference; lastKnownFileType = sourcecode.swift; path = ContentView.swift; sourceTree = "<group>"; };
		2F7FC94129B0B55D00CFCAB3 /* Assets.xcassets */ = {isa = PBXFileReference; lastKnownFileType = folder.assetcatalog; path = Assets.xcassets; sourceTree = "<group>"; };
		2F7FC94429B0B55D00CFCAB3 /* Preview Assets.xcassets */ = {isa = PBXFileReference; lastKnownFileType = folder.assetcatalog; path = "Preview Assets.xcassets"; sourceTree = "<group>"; };
		2F7FC94C29B0B59200CFCAB3 /* TaskGroupView.swift */ = {isa = PBXFileReference; fileEncoding = 4; lastKnownFileType = sourcecode.swift; path = TaskGroupView.swift; sourceTree = "<group>"; };
		2F7FC94D29B0B59200CFCAB3 /* TaskView.swift */ = {isa = PBXFileReference; fileEncoding = 4; lastKnownFileType = sourcecode.swift; path = TaskView.swift; sourceTree = "<group>"; };
		2F7FC94E29B0B59200CFCAB3 /* AsyncLetView.swift */ = {isa = PBXFileReference; fileEncoding = 4; lastKnownFileType = sourcecode.swift; path = AsyncLetView.swift; sourceTree = "<group>"; };
		2F7FC94F29B0B59200CFCAB3 /* DoTryCatchView.swift */ = {isa = PBXFileReference; fileEncoding = 4; lastKnownFileType = sourcecode.swift; path = DoTryCatchView.swift; sourceTree = "<group>"; };
		2F7FC95129B0B59200CFCAB3 /* AsyncAwaitViewReal.swift */ = {isa = PBXFileReference; fileEncoding = 4; lastKnownFileType = sourcecode.swift; path = AsyncAwaitViewReal.swift; sourceTree = "<group>"; };
		2F7FC95229B0B59200CFCAB3 /* AsyncAwaitView.swift */ = {isa = PBXFileReference; fileEncoding = 4; lastKnownFileType = sourcecode.swift; path = AsyncAwaitView.swift; sourceTree = "<group>"; };
		2F7FC95329B0B59200CFCAB3 /* DownloadImageWithAsyncView.swift */ = {isa = PBXFileReference; fileEncoding = 4; lastKnownFileType = sourcecode.swift; path = DownloadImageWithAsyncView.swift; sourceTree = "<group>"; };
		2F978CAE29C1D89F00E74A40 /* ActorsExampleView.swift */ = {isa = PBXFileReference; lastKnownFileType = sourcecode.swift; path = ActorsExampleView.swift; sourceTree = "<group>"; };
		2FAD1AE029B4F7CF00E5541B /* ContinuationsView.swift */ = {isa = PBXFileReference; lastKnownFileType = sourcecode.swift; path = ContinuationsView.swift; sourceTree = "<group>"; };
		2FE082CB29B7775F00639F64 /* StructClassExampleView.swift */ = {isa = PBXFileReference; lastKnownFileType = sourcecode.swift; path = StructClassExampleView.swift; sourceTree = "<group>"; };
		2FE082CD29B7782500639F64 /* Info.plist */ = {isa = PBXFileReference; lastKnownFileType = text.plist; path = Info.plist; sourceTree = "<group>"; };
/* End PBXFileReference section */

/* Begin PBXFrameworksBuildPhase section */
		2F7FC93729B0B55C00CFCAB3 /* Frameworks */ = {
			isa = PBXFrameworksBuildPhase;
			buildActionMask = 2147483647;
			files = (
			);
			runOnlyForDeploymentPostprocessing = 0;
		};
/* End PBXFrameworksBuildPhase section */

/* Begin PBXGroup section */
		2F7FC93129B0B55C00CFCAB3 = {
			isa = PBXGroup;
			children = (
				2F7FC93C29B0B55C00CFCAB3 /* SwiftConcurrency2 */,
				2F7FC93B29B0B55C00CFCAB3 /* Products */,
			);
			sourceTree = "<group>";
		};
		2F7FC93B29B0B55C00CFCAB3 /* Products */ = {
			isa = PBXGroup;
			children = (
				2F7FC93A29B0B55C00CFCAB3 /* SwiftConcurrency2.app */,
			);
			name = Products;
			sourceTree = "<group>";
		};
		2F7FC93C29B0B55C00CFCAB3 /* SwiftConcurrency2 */ = {
			isa = PBXGroup;
			children = (
				2FE082CD29B7782500639F64 /* Info.plist */,
				2FAD1AE029B4F7CF00E5541B /* ContinuationsView.swift */,
				2F7FC93D29B0B55C00CFCAB3 /* SwiftConcurrency2App.swift */,
				2F7FC93F29B0B55C00CFCAB3 /* ContentView.swift */,
				2F7FC95029B0B59200CFCAB3 /* AsyncAwaitKeywords */,
				2F7FC94E29B0B59200CFCAB3 /* AsyncLetView.swift */,
				2F7FC94F29B0B59200CFCAB3 /* DoTryCatchView.swift */,
				2F978CAE29C1D89F00E74A40 /* ActorsExampleView.swift */,
				2F7FC95329B0B59200CFCAB3 /* DownloadImageWithAsyncView.swift */,
				2FE082CB29B7775F00639F64 /* StructClassExampleView.swift */,
				2F7FC94B29B0B59200CFCAB3 /* Task */,
				2F7FC94129B0B55D00CFCAB3 /* Assets.xcassets */,
				2F7FC94329B0B55D00CFCAB3 /* Preview Content */,
			);
			path = SwiftConcurrency2;
			sourceTree = "<group>";
		};
		2F7FC94329B0B55D00CFCAB3 /* Preview Content */ = {
			isa = PBXGroup;
			children = (
				2F7FC94429B0B55D00CFCAB3 /* Preview Assets.xcassets */,
			);
			path = "Preview Content";
			sourceTree = "<group>";
		};
		2F7FC94B29B0B59200CFCAB3 /* Task */ = {
			isa = PBXGroup;
			children = (
				2F7FC94C29B0B59200CFCAB3 /* TaskGroupView.swift */,
				2F7FC94D29B0B59200CFCAB3 /* TaskView.swift */,
			);
			path = Task;
			sourceTree = "<group>";
		};
		2F7FC95029B0B59200CFCAB3 /* AsyncAwaitKeywords */ = {
			isa = PBXGroup;
			children = (
				2F7FC95129B0B59200CFCAB3 /* AsyncAwaitViewReal.swift */,
				2F7FC95229B0B59200CFCAB3 /* AsyncAwaitView.swift */,
			);
			path = AsyncAwaitKeywords;
			sourceTree = "<group>";
		};
/* End PBXGroup section */

/* Begin PBXNativeTarget section */
		2F7FC93929B0B55C00CFCAB3 /* SwiftConcurrency2 */ = {
			isa = PBXNativeTarget;
			buildConfigurationList = 2F7FC94829B0B55D00CFCAB3 /* Build configuration list for PBXNativeTarget "SwiftConcurrency2" */;
			buildPhases = (
				2F7FC93629B0B55C00CFCAB3 /* Sources */,
				2F7FC93729B0B55C00CFCAB3 /* Frameworks */,
				2F7FC93829B0B55C00CFCAB3 /* Resources */,
			);
			buildRules = (
			);
			dependencies = (
			);
			name = SwiftConcurrency2;
			productName = SwiftConcurrency2;
			productReference = 2F7FC93A29B0B55C00CFCAB3 /* SwiftConcurrency2.app */;
			productType = "com.apple.product-type.application";
		};
/* End PBXNativeTarget section */

/* Begin PBXProject section */
		2F7FC93229B0B55C00CFCAB3 /* Project object */ = {
			isa = PBXProject;
			attributes = {
				BuildIndependentTargetsInParallel = 1;
				LastSwiftUpdateCheck = 1420;
				LastUpgradeCheck = 1420;
				TargetAttributes = {
					2F7FC93929B0B55C00CFCAB3 = {
						CreatedOnToolsVersion = 14.2;
					};
				};
			};
			buildConfigurationList = 2F7FC93529B0B55C00CFCAB3 /* Build configuration list for PBXProject "SwiftConcurrency2" */;
			compatibilityVersion = "Xcode 14.0";
			developmentRegion = en;
			hasScannedForEncodings = 0;
			knownRegions = (
				en,
				Base,
			);
			mainGroup = 2F7FC93129B0B55C00CFCAB3;
			productRefGroup = 2F7FC93B29B0B55C00CFCAB3 /* Products */;
			projectDirPath = "";
			projectRoot = "";
			targets = (
				2F7FC93929B0B55C00CFCAB3 /* SwiftConcurrency2 */,
			);
		};
/* End PBXProject section */

/* Begin PBXResourcesBuildPhase section */
		2F7FC93829B0B55C00CFCAB3 /* Resources */ = {
			isa = PBXResourcesBuildPhase;
			buildActionMask = 2147483647;
			files = (
				2F7FC94529B0B55D00CFCAB3 /* Preview Assets.xcassets in Resources */,
				2F7FC94229B0B55D00CFCAB3 /* Assets.xcassets in Resources */,
			);
			runOnlyForDeploymentPostprocessing = 0;
		};
/* End PBXResourcesBuildPhase section */

/* Begin PBXSourcesBuildPhase section */
		2F7FC93629B0B55C00CFCAB3 /* Sources */ = {
			isa = PBXSourcesBuildPhase;
			buildActionMask = 2147483647;
			files = (
				2FE082CC29B7775F00639F64 /* StructClassExampleView.swift in Sources */,
				2F7FC95A29B0B59200CFCAB3 /* DownloadImageWithAsyncView.swift in Sources */,
				2F7FC94029B0B55C00CFCAB3 /* ContentView.swift in Sources */,
				2F7FC95429B0B59200CFCAB3 /* TaskGroupView.swift in Sources */,
				2F7FC95829B0B59200CFCAB3 /* AsyncAwaitViewReal.swift in Sources */,
				2F978CAF29C1D89F00E74A40 /* ActorsExampleView.swift in Sources */,
				2F7FC93E29B0B55C00CFCAB3 /* SwiftConcurrency2App.swift in Sources */,
				2F7FC95629B0B59200CFCAB3 /* AsyncLetView.swift in Sources */,
				2F7FC95529B0B59200CFCAB3 /* TaskView.swift in Sources */,
				2FAD1AE129B4F7CF00E5541B /* ContinuationsView.swift in Sources */,
				2F7FC95929B0B59200CFCAB3 /* AsyncAwaitView.swift in Sources */,
				2F7FC95729B0B59200CFCAB3 /* DoTryCatchView.swift in Sources */,
			);
			runOnlyForDeploymentPostprocessing = 0;
		};
/* End PBXSourcesBuildPhase section */

/* Begin XCBuildConfiguration section */
		2F7FC94629B0B55D00CFCAB3 /* Debug */ = {
			isa = XCBuildConfiguration;
			buildSettings = {
				ALWAYS_SEARCH_USER_PATHS = NO;
				CLANG_ANALYZER_NONNULL = YES;
				CLANG_ANALYZER_NUMBER_OBJECT_CONVERSION = YES_AGGRESSIVE;
				CLANG_CXX_LANGUAGE_STANDARD = "gnu++20";
				CLANG_ENABLE_MODULES = YES;
				CLANG_ENABLE_OBJC_ARC = YES;
				CLANG_ENABLE_OBJC_WEAK = YES;
				CLANG_WARN_BLOCK_CAPTURE_AUTORELEASING = YES;
				CLANG_WARN_BOOL_CONVERSION = YES;
				CLANG_WARN_COMMA = YES;
				CLANG_WARN_CONSTANT_CONVERSION = YES;
				CLANG_WARN_DEPRECATED_OBJC_IMPLEMENTATIONS = YES;
				CLANG_WARN_DIRECT_OBJC_ISA_USAGE = YES_ERROR;
				CLANG_WARN_DOCUMENTATION_COMMENTS = YES;
				CLANG_WARN_EMPTY_BODY = YES;
				CLANG_WARN_ENUM_CONVERSION = YES;
				CLANG_WARN_INFINITE_RECURSION = YES;
				CLANG_WARN_INT_CONVERSION = YES;
				CLANG_WARN_NON_LITERAL_NULL_CONVERSION = YES;
				CLANG_WARN_OBJC_IMPLICIT_RETAIN_SELF = YES;
				CLANG_WARN_OBJC_LITERAL_CONVERSION = YES;
				CLANG_WARN_OBJC_ROOT_CLASS = YES_ERROR;
				CLANG_WARN_QUOTED_INCLUDE_IN_FRAMEWORK_HEADER = YES;
				CLANG_WARN_RANGE_LOOP_ANALYSIS = YES;
				CLANG_WARN_STRICT_PROTOTYPES = YES;
				CLANG_WARN_SUSPICIOUS_MOVE = YES;
				CLANG_WARN_UNGUARDED_AVAILABILITY = YES_AGGRESSIVE;
				CLANG_WARN_UNREACHABLE_CODE = YES;
				CLANG_WARN__DUPLICATE_METHOD_MATCH = YES;
				COPY_PHASE_STRIP = NO;
				DEBUG_INFORMATION_FORMAT = dwarf;
				ENABLE_STRICT_OBJC_MSGSEND = YES;
				ENABLE_TESTABILITY = YES;
				GCC_C_LANGUAGE_STANDARD = gnu11;
				GCC_DYNAMIC_NO_PIC = NO;
				GCC_NO_COMMON_BLOCKS = YES;
				GCC_OPTIMIZATION_LEVEL = 0;
				GCC_PREPROCESSOR_DEFINITIONS = (
					"DEBUG=1",
					"$(inherited)",
				);
				GCC_WARN_64_TO_32_BIT_CONVERSION = YES;
				GCC_WARN_ABOUT_RETURN_TYPE = YES_ERROR;
				GCC_WARN_UNDECLARED_SELECTOR = YES;
				GCC_WARN_UNINITIALIZED_AUTOS = YES_AGGRESSIVE;
				GCC_WARN_UNUSED_FUNCTION = YES;
				GCC_WARN_UNUSED_VARIABLE = YES;
				IPHONEOS_DEPLOYMENT_TARGET = 16.2;
				MTL_ENABLE_DEBUG_INFO = INCLUDE_SOURCE;
				MTL_FAST_MATH = YES;
				ONLY_ACTIVE_ARCH = YES;
				SDKROOT = iphoneos;
				SWIFT_ACTIVE_COMPILATION_CONDITIONS = DEBUG;
				SWIFT_OPTIMIZATION_LEVEL = "-Onone";
			};
			name = Debug;
		};
		2F7FC94729B0B55D00CFCAB3 /* Release */ = {
			isa = XCBuildConfiguration;
			buildSettings = {
				ALWAYS_SEARCH_USER_PATHS = NO;
				CLANG_ANALYZER_NONNULL = YES;
				CLANG_ANALYZER_NUMBER_OBJECT_CONVERSION = YES_AGGRESSIVE;
				CLANG_CXX_LANGUAGE_STANDARD = "gnu++20";
				CLANG_ENABLE_MODULES = YES;
				CLANG_ENABLE_OBJC_ARC = YES;
				CLANG_ENABLE_OBJC_WEAK = YES;
				CLANG_WARN_BLOCK_CAPTURE_AUTORELEASING = YES;
				CLANG_WARN_BOOL_CONVERSION = YES;
				CLANG_WARN_COMMA = YES;
				CLANG_WARN_CONSTANT_CONVERSION = YES;
				CLANG_WARN_DEPRECATED_OBJC_IMPLEMENTATIONS = YES;
				CLANG_WARN_DIRECT_OBJC_ISA_USAGE = YES_ERROR;
				CLANG_WARN_DOCUMENTATION_COMMENTS = YES;
				CLANG_WARN_EMPTY_BODY = YES;
				CLANG_WARN_ENUM_CONVERSION = YES;
				CLANG_WARN_INFINITE_RECURSION = YES;
				CLANG_WARN_INT_CONVERSION = YES;
				CLANG_WARN_NON_LITERAL_NULL_CONVERSION = YES;
				CLANG_WARN_OBJC_IMPLICIT_RETAIN_SELF = YES;
				CLANG_WARN_OBJC_LITERAL_CONVERSION = YES;
				CLANG_WARN_OBJC_ROOT_CLASS = YES_ERROR;
				CLANG_WARN_QUOTED_INCLUDE_IN_FRAMEWORK_HEADER = YES;
				CLANG_WARN_RANGE_LOOP_ANALYSIS = YES;
				CLANG_WARN_STRICT_PROTOTYPES = YES;
				CLANG_WARN_SUSPICIOUS_MOVE = YES;
				CLANG_WARN_UNGUARDED_AVAILABILITY = YES_AGGRESSIVE;
				CLANG_WARN_UNREACHABLE_CODE = YES;
				CLANG_WARN__DUPLICATE_METHOD_MATCH = YES;
				COPY_PHASE_STRIP = NO;
				DEBUG_INFORMATION_FORMAT = "dwarf-with-dsym";
				ENABLE_NS_ASSERTIONS = NO;
				ENABLE_STRICT_OBJC_MSGSEND = YES;
				GCC_C_LANGUAGE_STANDARD = gnu11;
				GCC_NO_COMMON_BLOCKS = YES;
				GCC_WARN_64_TO_32_BIT_CONVERSION = YES;
				GCC_WARN_ABOUT_RETURN_TYPE = YES_ERROR;
				GCC_WARN_UNDECLARED_SELECTOR = YES;
				GCC_WARN_UNINITIALIZED_AUTOS = YES_AGGRESSIVE;
				GCC_WARN_UNUSED_FUNCTION = YES;
				GCC_WARN_UNUSED_VARIABLE = YES;
				IPHONEOS_DEPLOYMENT_TARGET = 16.2;
				MTL_ENABLE_DEBUG_INFO = NO;
				MTL_FAST_MATH = YES;
				SDKROOT = iphoneos;
				SWIFT_COMPILATION_MODE = wholemodule;
				SWIFT_OPTIMIZATION_LEVEL = "-O";
				VALIDATE_PRODUCT = YES;
			};
			name = Release;
		};
		2F7FC94929B0B55D00CFCAB3 /* Debug */ = {
			isa = XCBuildConfiguration;
			buildSettings = {
				ASSETCATALOG_COMPILER_APPICON_NAME = AppIcon;
				ASSETCATALOG_COMPILER_GLOBAL_ACCENT_COLOR_NAME = AccentColor;
				CODE_SIGN_STYLE = Automatic;
				CURRENT_PROJECT_VERSION = 1;
				DEVELOPMENT_ASSET_PATHS = "\"SwiftConcurrency2/Preview Content\"";
				DEVELOPMENT_TEAM = MJ4M4XMHNY;
				ENABLE_PREVIEWS = YES;
				GENERATE_INFOPLIST_FILE = YES;
				INFOPLIST_FILE = SwiftConcurrency2/Info.plist;
				INFOPLIST_KEY_UIApplicationSupportsIndirectInputEvents = YES;
				INFOPLIST_KEY_UILaunchScreen_Generation = YES;
				INFOPLIST_KEY_UISupportedInterfaceOrientations_iPad = "UIInterfaceOrientationPortrait UIInterfaceOrientationPortraitUpsideDown UIInterfaceOrientationLandscapeLeft UIInterfaceOrientationLandscapeRight";
				INFOPLIST_KEY_UISupportedInterfaceOrientations_iPhone = "UIInterfaceOrientationPortrait UIInterfaceOrientationLandscapeLeft UIInterfaceOrientationLandscapeRight";
				LD_RUNPATH_SEARCH_PATHS = (
					"$(inherited)",
					"@executable_path/Frameworks",
				);
				MARKETING_VERSION = 1.0;
				PRODUCT_BUNDLE_IDENTIFIER = com.gmail.kortes39dev.SwiftConcurrency2;
				PRODUCT_NAME = "$(TARGET_NAME)";
				SWIFT_EMIT_LOC_STRINGS = YES;
				SWIFT_VERSION = 5.0;
				TARGETED_DEVICE_FAMILY = "1,2";
			};
			name = Debug;
		};
		2F7FC94A29B0B55D00CFCAB3 /* Release */ = {
			isa = XCBuildConfiguration;
			buildSettings = {
				ASSETCATALOG_COMPILER_APPICON_NAME = AppIcon;
				ASSETCATALOG_COMPILER_GLOBAL_ACCENT_COLOR_NAME = AccentColor;
				CODE_SIGN_STYLE = Automatic;
				CURRENT_PROJECT_VERSION = 1;
				DEVELOPMENT_ASSET_PATHS = "\"SwiftConcurrency2/Preview Content\"";
				DEVELOPMENT_TEAM = MJ4M4XMHNY;
				ENABLE_PREVIEWS = YES;
				GENERATE_INFOPLIST_FILE = YES;
				INFOPLIST_FILE = SwiftConcurrency2/Info.plist;
				INFOPLIST_KEY_UIApplicationSupportsIndirectInputEvents = YES;
				INFOPLIST_KEY_UILaunchScreen_Generation = YES;
				INFOPLIST_KEY_UISupportedInterfaceOrientations_iPad = "UIInterfaceOrientationPortrait UIInterfaceOrientationPortraitUpsideDown UIInterfaceOrientationLandscapeLeft UIInterfaceOrientationLandscapeRight";
				INFOPLIST_KEY_UISupportedInterfaceOrientations_iPhone = "UIInterfaceOrientationPortrait UIInterfaceOrientationLandscapeLeft UIInterfaceOrientationLandscapeRight";
				LD_RUNPATH_SEARCH_PATHS = (
					"$(inherited)",
					"@executable_path/Frameworks",
				);
				MARKETING_VERSION = 1.0;
				PRODUCT_BUNDLE_IDENTIFIER = com.gmail.kortes39dev.SwiftConcurrency2;
				PRODUCT_NAME = "$(TARGET_NAME)";
				SWIFT_EMIT_LOC_STRINGS = YES;
				SWIFT_VERSION = 5.0;
				TARGETED_DEVICE_FAMILY = "1,2";
			};
			name = Release;
		};
/* End XCBuildConfiguration section */

/* Begin XCConfigurationList section */
		2F7FC93529B0B55C00CFCAB3 /* Build configuration list for PBXProject "SwiftConcurrency2" */ = {
			isa = XCConfigurationList;
			buildConfigurations = (
				2F7FC94629B0B55D00CFCAB3 /* Debug */,
				2F7FC94729B0B55D00CFCAB3 /* Release */,
			);
			defaultConfigurationIsVisible = 0;
			defaultConfigurationName = Release;
		};
		2F7FC94829B0B55D00CFCAB3 /* Build configuration list for PBXNativeTarget "SwiftConcurrency2" */ = {
			isa = XCConfigurationList;
			buildConfigurations = (
				2F7FC94929B0B55D00CFCAB3 /* Debug */,
				2F7FC94A29B0B55D00CFCAB3 /* Release */,
			);
			defaultConfigurationIsVisible = 0;
			defaultConfigurationName = Release;
		};
/* End XCConfigurationList section */
	};
	rootObject = 2F7FC93229B0B55C00CFCAB3 /* Project object */;
}
